
Microsoft Visual Studio Solution File, Format Version 12.00
# Visual Studio Version 17
VisualStudioVersion = 17.1.32421.90
MinimumVisualStudioVersion = 10.0.40219.1
Project("{FAE04EC0-301F-11D3-BF4B-00C04F79EFBC}") = "JenkinsTest", "JenkinsTest\JenkinsTest.csproj", "{55C4F178-36E4-46D9-9567-D8BD3C8BE4E4}"
EndProject
Project("{FAE04EC0-301F-11D3-BF4B-00C04F79EFBC}") = "NUnitTest1", "NUnitTest1\NUnitTest1.csproj", "{62E9943A-9585-42CC-AE62-C515B89040AF}"
EndProject
Project("{FAE04EC0-301F-11D3-BF4B-00C04F79EFBC}") = "MSTest1", "MSTest1\MSTest1.csproj", "{1134EA33-3BEA-4EDA-AEE9-6D0267C1BB7B}"
EndProject
Global
	GlobalSection(SolutionConfigurationPlatforms) = preSolution
		Debug|Any CPU = Debug|Any CPU
		Release|Any CPU = Release|Any CPU
	EndGlobalSection
	GlobalSection(ProjectConfigurationPlatforms) = postSolution
		{55C4F178-36E4-46D9-9567-D8BD3C8BE4E4}.Debug|Any CPU.ActiveCfg = Debug|Any CPU
		{55C4F178-36E4-46D9-9567-D8BD3C8BE4E4}.Debug|Any CPU.Build.0 = Debug|Any CPU
		{55C4F178-36E4-46D9-9567-D8BD3C8BE4E4}.Release|Any CPU.ActiveCfg = Release|Any CPU
		{55C4F178-36E4-46D9-9567-D8BD3C8BE4E4}.Release|Any CPU.Build.0 = Release|Any CPU
		{62E9943A-9585-42CC-AE62-C515B89040AF}.Debug|Any CPU.ActiveCfg = Debug|Any CPU
		{62E9943A-9585-42CC-AE62-C515B89040AF}.Debug|Any CPU.Build.0 = Debug|Any CPU
		{62E9943A-9585-42CC-AE62-C515B89040AF}.Release|Any CPU.ActiveCfg = Release|Any CPU
		{62E9943A-9585-42CC-AE62-C515B89040AF}.Release|Any CPU.Build.0 = Release|Any CPU
		{1134EA33-3BEA-4EDA-AEE9-6D0267C1BB7B}.Debug|Any CPU.ActiveCfg = Debug|Any CPU
		{1134EA33-3BEA-4EDA-AEE9-6D0267C1BB7B}.Debug|Any CPU.Build.0 = Debug|Any CPU
		{1134EA33-3BEA-4EDA-AEE9-6D0267C1BB7B}.Release|Any CPU.ActiveCfg = Release|Any CPU
		{1134EA33-3BEA-4EDA-AEE9-6D0267C1BB7B}.Release|Any CPU.Build.0 = Release|Any CPU
	EndGlobalSection
	GlobalSection(SolutionProperties) = preSolution
		HideSolutionNode = FALSE
	EndGlobalSection
	GlobalSection(ExtensibilityGlobals) = postSolution
		SolutionGuid = {909F7F45-CF31-49EF-9701-51A4B1161697}
	EndGlobalSection
EndGlobal
